// !$*UTF8*$!
{
	archiveVersion = 1;
	classes = {
	};
	objectVersion = 50;
	objects = {

/* Begin PBXBuildFile section */
		3BB6A31F266D5CD800381CE4 /* FriendLocationViewController.swift in Sources */ = {isa = PBXBuildFile; fileRef = 3BB6A31E266D5CD800381CE4 /* FriendLocationViewController.swift */; };
		3BB6A322266D6E1D00381CE4 /* PersonAddressModel.swift in Sources */ = {isa = PBXBuildFile; fileRef = 3BB6A321266D6E1D00381CE4 /* PersonAddressModel.swift */; };
		3BBF86E4266B8F030080E39E /* LoginViewModel.swift in Sources */ = {isa = PBXBuildFile; fileRef = 3BBF86E3266B8F030080E39E /* LoginViewModel.swift */; };
		3BBF86E7266B911B0080E39E /* LoginViewState.swift in Sources */ = {isa = PBXBuildFile; fileRef = 3BBF86E6266B911B0080E39E /* LoginViewState.swift */; };
		3BBF86EA266B918F0080E39E /* User.swift in Sources */ = {isa = PBXBuildFile; fileRef = 3BBF86E9266B918F0080E39E /* User.swift */; };
		3BBF86F0266C2E4B0080E39E /* FriendsList.storyboard in Resources */ = {isa = PBXBuildFile; fileRef = 3BBF86EF266C2E4B0080E39E /* FriendsList.storyboard */; };
		3BBF86F4266C386A0080E39E /* FriendListTableViewCell.swift in Sources */ = {isa = PBXBuildFile; fileRef = 3BBF86F3266C386A0080E39E /* FriendListTableViewCell.swift */; };
		3BBF86F7266C3B7F0080E39E /* FriendsListViewController.swift in Sources */ = {isa = PBXBuildFile; fileRef = 3BBF86F6266C3B7F0080E39E /* FriendsListViewController.swift */; };
		3BBF86FA266C3CDC0080E39E /* FriendsListViewModel.swift in Sources */ = {isa = PBXBuildFile; fileRef = 3BBF86F9266C3CDC0080E39E /* FriendsListViewModel.swift */; };
		3BBF86FD266C3CF30080E39E /* FriendsListViewState.swift in Sources */ = {isa = PBXBuildFile; fileRef = 3BBF86FC266C3CF30080E39E /* FriendsListViewState.swift */; };
		3BBF8701266C3DB40080E39E /* Person.swift in Sources */ = {isa = PBXBuildFile; fileRef = 3BBF8700266C3DB40080E39E /* Person.swift */; };
		3BBF8704266CD47B0080E39E /* Service.swift in Sources */ = {isa = PBXBuildFile; fileRef = 3BBF8703266CD47B0080E39E /* Service.swift */; };
		3BBF870C266CF17F0080E39E /* FriendDetail.storyboard in Resources */ = {isa = PBXBuildFile; fileRef = 3BBF870B266CF17F0080E39E /* FriendDetail.storyboard */; };
		3BBF870F266CFE7B0080E39E /* FriendDetailViewController.swift in Sources */ = {isa = PBXBuildFile; fileRef = 3BBF870E266CFE7B0080E39E /* FriendDetailViewController.swift */; };
		3BBF8712266D0B480080E39E /* StringExtension.swift in Sources */ = {isa = PBXBuildFile; fileRef = 3BBF8711266D0B480080E39E /* StringExtension.swift */; };
		93164763266ABE25006E53F1 /* AppDelegate.swift in Sources */ = {isa = PBXBuildFile; fileRef = 93164762266ABE25006E53F1 /* AppDelegate.swift */; };
		93164765266ABE25006E53F1 /* SceneDelegate.swift in Sources */ = {isa = PBXBuildFile; fileRef = 93164764266ABE25006E53F1 /* SceneDelegate.swift */; };
		93164767266ABE25006E53F1 /* LoginViewController.swift in Sources */ = {isa = PBXBuildFile; fileRef = 93164766266ABE25006E53F1 /* LoginViewController.swift */; };
		9316476A266ABE25006E53F1 /* Main.storyboard in Resources */ = {isa = PBXBuildFile; fileRef = 93164768266ABE25006E53F1 /* Main.storyboard */; };
		9316476C266ABE29006E53F1 /* Assets.xcassets in Resources */ = {isa = PBXBuildFile; fileRef = 9316476B266ABE29006E53F1 /* Assets.xcassets */; };
		9316476F266ABE29006E53F1 /* LaunchScreen.storyboard in Resources */ = {isa = PBXBuildFile; fileRef = 9316476D266ABE29006E53F1 /* LaunchScreen.storyboard */; };
		93164778266ABF43006E53F1 /* LoginButton.swift in Sources */ = {isa = PBXBuildFile; fileRef = 93164777266ABF43006E53F1 /* LoginButton.swift */; };
		9316477B266AC1FF006E53F1 /* UIColorAddition.swift in Sources */ = {isa = PBXBuildFile; fileRef = 9316477A266AC1FF006E53F1 /* UIColorAddition.swift */; };
/* End PBXBuildFile section */

/* Begin PBXFileReference section */
		3BB6A31E266D5CD800381CE4 /* FriendLocationViewController.swift */ = {isa = PBXFileReference; lastKnownFileType = sourcecode.swift; path = FriendLocationViewController.swift; sourceTree = "<group>"; };
		3BB6A321266D6E1D00381CE4 /* PersonAddressModel.swift */ = {isa = PBXFileReference; lastKnownFileType = sourcecode.swift; path = PersonAddressModel.swift; sourceTree = "<group>"; };
		3BBF86E3266B8F030080E39E /* LoginViewModel.swift */ = {isa = PBXFileReference; lastKnownFileType = sourcecode.swift; path = LoginViewModel.swift; sourceTree = "<group>"; };
		3BBF86E6266B911B0080E39E /* LoginViewState.swift */ = {isa = PBXFileReference; lastKnownFileType = sourcecode.swift; path = LoginViewState.swift; sourceTree = "<group>"; };
		3BBF86E9266B918F0080E39E /* User.swift */ = {isa = PBXFileReference; lastKnownFileType = sourcecode.swift; path = User.swift; sourceTree = "<group>"; };
		3BBF86EF266C2E4B0080E39E /* FriendsList.storyboard */ = {isa = PBXFileReference; lastKnownFileType = file.storyboard; path = FriendsList.storyboard; sourceTree = "<group>"; };
		3BBF86F3266C386A0080E39E /* FriendListTableViewCell.swift */ = {isa = PBXFileReference; lastKnownFileType = sourcecode.swift; path = FriendListTableViewCell.swift; sourceTree = "<group>"; };
		3BBF86F6266C3B7F0080E39E /* FriendsListViewController.swift */ = {isa = PBXFileReference; lastKnownFileType = sourcecode.swift; path = FriendsListViewController.swift; sourceTree = "<group>"; };
		3BBF86F9266C3CDC0080E39E /* FriendsListViewModel.swift */ = {isa = PBXFileReference; lastKnownFileType = sourcecode.swift; path = FriendsListViewModel.swift; sourceTree = "<group>"; };
		3BBF86FC266C3CF30080E39E /* FriendsListViewState.swift */ = {isa = PBXFileReference; lastKnownFileType = sourcecode.swift; path = FriendsListViewState.swift; sourceTree = "<group>"; };
		3BBF8700266C3DB40080E39E /* Person.swift */ = {isa = PBXFileReference; lastKnownFileType = sourcecode.swift; path = Person.swift; sourceTree = "<group>"; };
		3BBF8703266CD47B0080E39E /* Service.swift */ = {isa = PBXFileReference; lastKnownFileType = sourcecode.swift; path = Service.swift; sourceTree = "<group>"; };
		3BBF870B266CF17F0080E39E /* FriendDetail.storyboard */ = {isa = PBXFileReference; lastKnownFileType = file.storyboard; path = FriendDetail.storyboard; sourceTree = "<group>"; };
		3BBF870E266CFE7B0080E39E /* FriendDetailViewController.swift */ = {isa = PBXFileReference; lastKnownFileType = sourcecode.swift; path = FriendDetailViewController.swift; sourceTree = "<group>"; };
		3BBF8711266D0B480080E39E /* StringExtension.swift */ = {isa = PBXFileReference; lastKnownFileType = sourcecode.swift; path = StringExtension.swift; sourceTree = "<group>"; };
		9316475F266ABE24006E53F1 /* FriendsBook.app */ = {isa = PBXFileReference; explicitFileType = wrapper.application; includeInIndex = 0; path = FriendsBook.app; sourceTree = BUILT_PRODUCTS_DIR; };
		93164762266ABE25006E53F1 /* AppDelegate.swift */ = {isa = PBXFileReference; lastKnownFileType = sourcecode.swift; path = AppDelegate.swift; sourceTree = "<group>"; };
		93164764266ABE25006E53F1 /* SceneDelegate.swift */ = {isa = PBXFileReference; lastKnownFileType = sourcecode.swift; path = SceneDelegate.swift; sourceTree = "<group>"; };
		93164766266ABE25006E53F1 /* LoginViewController.swift */ = {isa = PBXFileReference; lastKnownFileType = sourcecode.swift; path = LoginViewController.swift; sourceTree = "<group>"; };
		93164769266ABE25006E53F1 /* Base */ = {isa = PBXFileReference; lastKnownFileType = file.storyboard; name = Base; path = Base.lproj/Main.storyboard; sourceTree = "<group>"; };
		9316476B266ABE29006E53F1 /* Assets.xcassets */ = {isa = PBXFileReference; lastKnownFileType = folder.assetcatalog; path = Assets.xcassets; sourceTree = "<group>"; };
		9316476E266ABE29006E53F1 /* Base */ = {isa = PBXFileReference; lastKnownFileType = file.storyboard; name = Base; path = Base.lproj/LaunchScreen.storyboard; sourceTree = "<group>"; };
		93164770266ABE29006E53F1 /* Info.plist */ = {isa = PBXFileReference; lastKnownFileType = text.plist.xml; path = Info.plist; sourceTree = "<group>"; };
		93164777266ABF43006E53F1 /* LoginButton.swift */ = {isa = PBXFileReference; lastKnownFileType = sourcecode.swift; path = LoginButton.swift; sourceTree = "<group>"; };
		9316477A266AC1FF006E53F1 /* UIColorAddition.swift */ = {isa = PBXFileReference; lastKnownFileType = sourcecode.swift; path = UIColorAddition.swift; sourceTree = "<group>"; };
/* End PBXFileReference section */

/* Begin PBXFrameworksBuildPhase section */
		9316475C266ABE24006E53F1 /* Frameworks */ = {
			isa = PBXFrameworksBuildPhase;
			buildActionMask = 2147483647;
			files = (
			);
			runOnlyForDeploymentPostprocessing = 0;
		};
/* End PBXFrameworksBuildPhase section */

/* Begin PBXGroup section */
		3BBF86EE266C225A0080E39E /* FriendsList */ = {
			isa = PBXGroup;
			children = (
				3BBF86F2266C38330080E39E /* Cell */,
				3BBF86EF266C2E4B0080E39E /* FriendsList.storyboard */,
				3BBF86F6266C3B7F0080E39E /* FriendsListViewController.swift */,
				3BBF86F9266C3CDC0080E39E /* FriendsListViewModel.swift */,
				3BBF86FC266C3CF30080E39E /* FriendsListViewState.swift */,
			);
			path = FriendsList;
			sourceTree = "<group>";
		};
		3BBF86F2266C38330080E39E /* Cell */ = {
			isa = PBXGroup;
			children = (
				3BBF86F3266C386A0080E39E /* FriendListTableViewCell.swift */,
			);
			path = Cell;
			sourceTree = "<group>";
		};
		3BBF86FF266C3D9A0080E39E /* Model */ = {
			isa = PBXGroup;
			children = (
				3BBF8700266C3DB40080E39E /* Person.swift */,
				3BB6A321266D6E1D00381CE4 /* PersonAddressModel.swift */,
			);
			path = Model;
			sourceTree = "<group>";
		};
		3BBF870A266CF0D10080E39E /* FriendDetail */ = {
			isa = PBXGroup;
			children = (
				3BBF870B266CF17F0080E39E /* FriendDetail.storyboard */,
				3BBF870E266CFE7B0080E39E /* FriendDetailViewController.swift */,
				3BB6A31E266D5CD800381CE4 /* FriendLocationViewController.swift */,
			);
			path = FriendDetail;
			sourceTree = "<group>";
		};
		93164756266ABE24006E53F1 = {
			isa = PBXGroup;
			children = (
				93164761266ABE24006E53F1 /* FriendsBook */,
				93164760266ABE24006E53F1 /* Products */,
			);
			sourceTree = "<group>";
		};
		93164760266ABE24006E53F1 /* Products */ = {
			isa = PBXGroup;
			children = (
				9316475F266ABE24006E53F1 /* FriendsBook.app */,
			);
			name = Products;
			sourceTree = "<group>";
		};
		93164761266ABE24006E53F1 /* FriendsBook */ = {
			isa = PBXGroup;
			children = (
				3BBF870A266CF0D10080E39E /* FriendDetail */,
				3BBF86FF266C3D9A0080E39E /* Model */,
				3BBF86EE266C225A0080E39E /* FriendsList */,
				93164780266ADC9E006E53F1 /* Login */,
				9316477D266AD2A2006E53F1 /* System */,
				93164762266ABE25006E53F1 /* AppDelegate.swift */,
				93164770266ABE29006E53F1 /* Info.plist */,
				93164777266ABF43006E53F1 /* LoginButton.swift */,
				9316477A266AC1FF006E53F1 /* UIColorAddition.swift */,
				3BBF8703266CD47B0080E39E /* Service.swift */,
				3BBF8711266D0B480080E39E /* StringExtension.swift */,
			);
			path = FriendsBook;
			sourceTree = "<group>";
		};
		9316477D266AD2A2006E53F1 /* System */ = {
			isa = PBXGroup;
			children = (
				93164764266ABE25006E53F1 /* SceneDelegate.swift */,
				9316476B266ABE29006E53F1 /* Assets.xcassets */,
				9316476D266ABE29006E53F1 /* LaunchScreen.storyboard */,
			);
			path = System;
			sourceTree = "<group>";
		};
		93164780266ADC9E006E53F1 /* Login */ = {
			isa = PBXGroup;
			children = (
				93164766266ABE25006E53F1 /* LoginViewController.swift */,
				93164768266ABE25006E53F1 /* Main.storyboard */,
				3BBF86E3266B8F030080E39E /* LoginViewModel.swift */,
				3BBF86E6266B911B0080E39E /* LoginViewState.swift */,
				3BBF86E9266B918F0080E39E /* User.swift */,
			);
			path = Login;
			sourceTree = "<group>";
		};
/* End PBXGroup section */

/* Begin PBXNativeTarget section */
		9316475E266ABE24006E53F1 /* FriendsBook */ = {
			isa = PBXNativeTarget;
			buildConfigurationList = 93164773266ABE29006E53F1 /* Build configuration list for PBXNativeTarget "FriendsBook" */;
			buildPhases = (
				9316475B266ABE24006E53F1 /* Sources */,
				9316475C266ABE24006E53F1 /* Frameworks */,
				9316475D266ABE24006E53F1 /* Resources */,
				3BE1BF4A26738E6800E13AFF /* SwiftLint */,
			);
			buildRules = (
			);
			dependencies = (
			);
			name = FriendsBook;
			productName = FriendsBook;
			productReference = 9316475F266ABE24006E53F1 /* FriendsBook.app */;
			productType = "com.apple.product-type.application";
		};
/* End PBXNativeTarget section */

/* Begin PBXProject section */
		93164757266ABE24006E53F1 /* Project object */ = {
			isa = PBXProject;
			attributes = {
				LastSwiftUpdateCheck = 1240;
				LastUpgradeCheck = 1240;
				TargetAttributes = {
					9316475E266ABE24006E53F1 = {
						CreatedOnToolsVersion = 12.4;
					};
				};
			};
			buildConfigurationList = 9316475A266ABE24006E53F1 /* Build configuration list for PBXProject "FriendsBook" */;
			compatibilityVersion = "Xcode 9.3";
			developmentRegion = en;
			hasScannedForEncodings = 0;
			knownRegions = (
				en,
				Base,
			);
			mainGroup = 93164756266ABE24006E53F1;
			productRefGroup = 93164760266ABE24006E53F1 /* Products */;
			projectDirPath = "";
			projectRoot = "";
			targets = (
				9316475E266ABE24006E53F1 /* FriendsBook */,
			);
		};
/* End PBXProject section */

/* Begin PBXResourcesBuildPhase section */
		9316475D266ABE24006E53F1 /* Resources */ = {
			isa = PBXResourcesBuildPhase;
			buildActionMask = 2147483647;
			files = (
				3BBF86F0266C2E4B0080E39E /* FriendsList.storyboard in Resources */,
				9316476F266ABE29006E53F1 /* LaunchScreen.storyboard in Resources */,
				3BBF870C266CF17F0080E39E /* FriendDetail.storyboard in Resources */,
				9316476C266ABE29006E53F1 /* Assets.xcassets in Resources */,
				9316476A266ABE25006E53F1 /* Main.storyboard in Resources */,
			);
			runOnlyForDeploymentPostprocessing = 0;
		};
/* End PBXResourcesBuildPhase section */

/* Begin PBXShellScriptBuildPhase section */
		3BE1BF4A26738E6800E13AFF /* SwiftLint */ = {
			isa = PBXShellScriptBuildPhase;
			buildActionMask = 2147483647;
			files = (
			);
			inputFileListPaths = (
			);
			inputPaths = (
			);
			name = SwiftLint;
			outputFileListPaths = (
			);
			outputPaths = (
			);
			runOnlyForDeploymentPostprocessing = 0;
			shellPath = /bin/sh;
			shellScript = "if which swiftlint >/dev/null; then\n  swiftlint\nelse\n  echo \"warning: SwiftLint not installed, download from https://github.com/realm/SwiftLint\"\nfi\n";
		};
/* End PBXShellScriptBuildPhase section */

/* Begin PBXSourcesBuildPhase section */
		9316475B266ABE24006E53F1 /* Sources */ = {
			isa = PBXSourcesBuildPhase;
			buildActionMask = 2147483647;
			files = (
				3BBF86FD266C3CF30080E39E /* FriendsListViewState.swift in Sources */,
				3BBF8704266CD47B0080E39E /* Service.swift in Sources */,
				3BBF86F7266C3B7F0080E39E /* FriendsListViewController.swift in Sources */,
				3BBF86FA266C3CDC0080E39E /* FriendsListViewModel.swift in Sources */,
				3BBF8712266D0B480080E39E /* StringExtension.swift in Sources */,
				3BB6A322266D6E1D00381CE4 /* PersonAddressModel.swift in Sources */,
				93164767266ABE25006E53F1 /* LoginViewController.swift in Sources */,
				3BBF86E7266B911B0080E39E /* LoginViewState.swift in Sources */,
				93164778266ABF43006E53F1 /* LoginButton.swift in Sources */,
				3BB6A31F266D5CD800381CE4 /* FriendLocationViewController.swift in Sources */,
				3BBF86E4266B8F030080E39E /* LoginViewModel.swift in Sources */,
				3BBF870F266CFE7B0080E39E /* FriendDetailViewController.swift in Sources */,
				93164763266ABE25006E53F1 /* AppDelegate.swift in Sources */,
				3BBF86EA266B918F0080E39E /* User.swift in Sources */,
				9316477B266AC1FF006E53F1 /* UIColorAddition.swift in Sources */,
				3BBF8701266C3DB40080E39E /* Person.swift in Sources */,
				3BBF86F4266C386A0080E39E /* FriendListTableViewCell.swift in Sources */,
				93164765266ABE25006E53F1 /* SceneDelegate.swift in Sources */,
			);
			runOnlyForDeploymentPostprocessing = 0;
		};
/* End PBXSourcesBuildPhase section */

/* Begin PBXVariantGroup section */
		93164768266ABE25006E53F1 /* Main.storyboard */ = {
			isa = PBXVariantGroup;
			children = (
				93164769266ABE25006E53F1 /* Base */,
			);
			name = Main.storyboard;
			sourceTree = "<group>";
		};
		9316476D266ABE29006E53F1 /* LaunchScreen.storyboard */ = {
			isa = PBXVariantGroup;
			children = (
				9316476E266ABE29006E53F1 /* Base */,
			);
			name = LaunchScreen.storyboard;
			sourceTree = "<group>";
		};
/* End PBXVariantGroup section */

/* Begin XCBuildConfiguration section */
		93164771266ABE29006E53F1 /* Debug */ = {
			isa = XCBuildConfiguration;
			buildSettings = {
				ALWAYS_SEARCH_USER_PATHS = NO;
				CLANG_ANALYZER_NONNULL = YES;
				CLANG_ANALYZER_NUMBER_OBJECT_CONVERSION = YES_AGGRESSIVE;
				CLANG_CXX_LANGUAGE_STANDARD = "gnu++14";
				CLANG_CXX_LIBRARY = "libc++";
				CLANG_ENABLE_MODULES = YES;
				CLANG_ENABLE_OBJC_ARC = YES;
				CLANG_ENABLE_OBJC_WEAK = YES;
				CLANG_WARN_BLOCK_CAPTURE_AUTORELEASING = YES;
				CLANG_WARN_BOOL_CONVERSION = YES;
				CLANG_WARN_COMMA = YES;
				CLANG_WARN_CONSTANT_CONVERSION = YES;
				CLANG_WARN_DEPRECATED_OBJC_IMPLEMENTATIONS = YES;
				CLANG_WARN_DIRECT_OBJC_ISA_USAGE = YES_ERROR;
				CLANG_WARN_DOCUMENTATION_COMMENTS = YES;
				CLANG_WARN_EMPTY_BODY = YES;
				CLANG_WARN_ENUM_CONVERSION = YES;
				CLANG_WARN_INFINITE_RECURSION = YES;
				CLANG_WARN_INT_CONVERSION = YES;
				CLANG_WARN_NON_LITERAL_NULL_CONVERSION = YES;
				CLANG_WARN_OBJC_IMPLICIT_RETAIN_SELF = YES;
				CLANG_WARN_OBJC_LITERAL_CONVERSION = YES;
				CLANG_WARN_OBJC_ROOT_CLASS = YES_ERROR;
				CLANG_WARN_QUOTED_INCLUDE_IN_FRAMEWORK_HEADER = YES;
				CLANG_WARN_RANGE_LOOP_ANALYSIS = YES;
				CLANG_WARN_STRICT_PROTOTYPES = YES;
				CLANG_WARN_SUSPICIOUS_MOVE = YES;
				CLANG_WARN_UNGUARDED_AVAILABILITY = YES_AGGRESSIVE;
				CLANG_WARN_UNREACHABLE_CODE = YES;
				CLANG_WARN__DUPLICATE_METHOD_MATCH = YES;
				COPY_PHASE_STRIP = NO;
				DEBUG_INFORMATION_FORMAT = dwarf;
				ENABLE_STRICT_OBJC_MSGSEND = YES;
				ENABLE_TESTABILITY = YES;
				GCC_C_LANGUAGE_STANDARD = gnu11;
				GCC_DYNAMIC_NO_PIC = NO;
				GCC_NO_COMMON_BLOCKS = YES;
				GCC_OPTIMIZATION_LEVEL = 0;
				GCC_PREPROCESSOR_DEFINITIONS = (
					"DEBUG=1",
					"$(inherited)",
				);
				GCC_WARN_64_TO_32_BIT_CONVERSION = YES;
				GCC_WARN_ABOUT_RETURN_TYPE = YES_ERROR;
				GCC_WARN_UNDECLARED_SELECTOR = YES;
				GCC_WARN_UNINITIALIZED_AUTOS = YES_AGGRESSIVE;
				GCC_WARN_UNUSED_FUNCTION = YES;
				GCC_WARN_UNUSED_VARIABLE = YES;
				IPHONEOS_DEPLOYMENT_TARGET = 14.4;
				MTL_ENABLE_DEBUG_INFO = INCLUDE_SOURCE;
				MTL_FAST_MATH = YES;
				ONLY_ACTIVE_ARCH = YES;
				SDKROOT = iphoneos;
				SWIFT_ACTIVE_COMPILATION_CONDITIONS = DEBUG;
				SWIFT_OPTIMIZATION_LEVEL = "-Onone";
			};
			name = Debug;
		};
		93164772266ABE29006E53F1 /* Release */ = {
			isa = XCBuildConfiguration;
			buildSettings = {
				ALWAYS_SEARCH_USER_PATHS = NO;
				CLANG_ANALYZER_NONNULL = YES;
				CLANG_ANALYZER_NUMBER_OBJECT_CONVERSION = YES_AGGRESSIVE;
				CLANG_CXX_LANGUAGE_STANDARD = "gnu++14";
				CLANG_CXX_LIBRARY = "libc++";
				CLANG_ENABLE_MODULES = YES;
				CLANG_ENABLE_OBJC_ARC = YES;
				CLANG_ENABLE_OBJC_WEAK = YES;
				CLANG_WARN_BLOCK_CAPTURE_AUTORELEASING = YES;
				CLANG_WARN_BOOL_CONVERSION = YES;
				CLANG_WARN_COMMA = YES;
				CLANG_WARN_CONSTANT_CONVERSION = YES;
				CLANG_WARN_DEPRECATED_OBJC_IMPLEMENTATIONS = YES;
				CLANG_WARN_DIRECT_OBJC_ISA_USAGE = YES_ERROR;
				CLANG_WARN_DOCUMENTATION_COMMENTS = YES;
				CLANG_WARN_EMPTY_BODY = YES;
				CLANG_WARN_ENUM_CONVERSION = YES;
				CLANG_WARN_INFINITE_RECURSION = YES;
				CLANG_WARN_INT_CONVERSION = YES;
				CLANG_WARN_NON_LITERAL_NULL_CONVERSION = YES;
				CLANG_WARN_OBJC_IMPLICIT_RETAIN_SELF = YES;
				CLANG_WARN_OBJC_LITERAL_CONVERSION = YES;
				CLANG_WARN_OBJC_ROOT_CLASS = YES_ERROR;
				CLANG_WARN_QUOTED_INCLUDE_IN_FRAMEWORK_HEADER = YES;
				CLANG_WARN_RANGE_LOOP_ANALYSIS = YES;
				CLANG_WARN_STRICT_PROTOTYPES = YES;
				CLANG_WARN_SUSPICIOUS_MOVE = YES;
				CLANG_WARN_UNGUARDED_AVAILABILITY = YES_AGGRESSIVE;
				CLANG_WARN_UNREACHABLE_CODE = YES;
				CLANG_WARN__DUPLICATE_METHOD_MATCH = YES;
				COPY_PHASE_STRIP = NO;
				DEBUG_INFORMATION_FORMAT = "dwarf-with-dsym";
				ENABLE_NS_ASSERTIONS = NO;
				ENABLE_STRICT_OBJC_MSGSEND = YES;
				GCC_C_LANGUAGE_STANDARD = gnu11;
				GCC_NO_COMMON_BLOCKS = YES;
				GCC_WARN_64_TO_32_BIT_CONVERSION = YES;
				GCC_WARN_ABOUT_RETURN_TYPE = YES_ERROR;
				GCC_WARN_UNDECLARED_SELECTOR = YES;
				GCC_WARN_UNINITIALIZED_AUTOS = YES_AGGRESSIVE;
				GCC_WARN_UNUSED_FUNCTION = YES;
				GCC_WARN_UNUSED_VARIABLE = YES;
				IPHONEOS_DEPLOYMENT_TARGET = 14.4;
				MTL_ENABLE_DEBUG_INFO = NO;
				MTL_FAST_MATH = YES;
				SDKROOT = iphoneos;
				SWIFT_COMPILATION_MODE = wholemodule;
				SWIFT_OPTIMIZATION_LEVEL = "-O";
				VALIDATE_PRODUCT = YES;
			};
			name = Release;
		};
		93164774266ABE29006E53F1 /* Debug */ = {
			isa = XCBuildConfiguration;
			buildSettings = {
				ASSETCATALOG_COMPILER_APPICON_NAME = AppIcon;
				ASSETCATALOG_COMPILER_GLOBAL_ACCENT_COLOR_NAME = AccentColor;
				CODE_SIGN_STYLE = Automatic;
				DEVELOPMENT_TEAM = BQ9WFXUNXB;
				INFOPLIST_FILE = FriendsBook/Info.plist;
				LD_RUNPATH_SEARCH_PATHS = (
					"$(inherited)",
					"@executable_path/Frameworks",
				);
				PRODUCT_BUNDLE_IDENTIFIER = ademturkoglu.FriendsBook;
				PRODUCT_NAME = "$(TARGET_NAME)";
				SWIFT_VERSION = 5.0;
				TARGETED_DEVICE_FAMILY = "1,2";
			};
			name = Debug;
		};
		93164775266ABE29006E53F1 /* Release */ = {
			isa = XCBuildConfiguration;
			buildSettings = {
				ASSETCATALOG_COMPILER_APPICON_NAME = AppIcon;
				ASSETCATALOG_COMPILER_GLOBAL_ACCENT_COLOR_NAME = AccentColor;
				CODE_SIGN_STYLE = Automatic;
				DEVELOPMENT_TEAM = BQ9WFXUNXB;
				INFOPLIST_FILE = FriendsBook/Info.plist;
				LD_RUNPATH_SEARCH_PATHS = (
					"$(inherited)",
					"@executable_path/Frameworks",
				);
				PRODUCT_BUNDLE_IDENTIFIER = ademturkoglu.FriendsBook;
				PRODUCT_NAME = "$(TARGET_NAME)";
				SWIFT_VERSION = 5.0;
				TARGETED_DEVICE_FAMILY = "1,2";
			};
			name = Release;
		};
/* End XCBuildConfiguration section */

/* Begin XCConfigurationList section */
		9316475A266ABE24006E53F1 /* Build configuration list for PBXProject "FriendsBook" */ = {
			isa = XCConfigurationList;
			buildConfigurations = (
				93164771266ABE29006E53F1 /* Debug */,
				93164772266ABE29006E53F1 /* Release */,
			);
			defaultConfigurationIsVisible = 0;
			defaultConfigurationName = Release;
		};
		93164773266ABE29006E53F1 /* Build configuration list for PBXNativeTarget "FriendsBook" */ = {
			isa = XCConfigurationList;
			buildConfigurations = (
				93164774266ABE29006E53F1 /* Debug */,
				93164775266ABE29006E53F1 /* Release */,
			);
			defaultConfigurationIsVisible = 0;
			defaultConfigurationName = Release;
		};
/* End XCConfigurationList section */
	};
	rootObject = 93164757266ABE24006E53F1 /* Project object */;
}
